# THIS IS AN AUTOGENERATED FILE. DO NOT EDIT THIS FILE DIRECTLY.
# yarn lockfile v1


"@ant-design/colors@^6.0.0":
  "integrity" "sha512-qAZRvPzfdWHtfameEGP2Qvuf838NhergR35o+EuVyB5XvSA98xod5r4utvi4TJ3ywmevm290g9nsCG5MryrdWQ=="
  "resolved" "https://registry.npmjs.org/@ant-design/colors/-/colors-6.0.0.tgz"
  "version" "6.0.0"
  dependencies:
    "@ctrl/tinycolor" "^3.4.0"

"@ant-design/icons-svg@^4.2.1":
  "integrity" "sha512-vHbT+zJEVzllwP+CM+ul7reTEfBR0vgxFe7+lREAsAA7YGsYpboiq2sQNeQeRvh09GfQgs/GyFEvZpJ9cLXpXA=="
  "resolved" "https://registry.npmjs.org/@ant-design/icons-svg/-/icons-svg-4.4.2.tgz"
  "version" "4.4.2"

"@ant-design/icons-vue@^7.0.0", "@ant-design/icons-vue@^7.0.1":
  "integrity" "sha512-eCqY2unfZK6Fe02AwFlDHLfoyEFreP6rBwAZMIJ1LugmfMiVgwWDYlp1YsRugaPtICYOabV1iWxXdP12u9U43Q=="
  "resolved" "https://registry.npmjs.org/@ant-design/icons-vue/-/icons-vue-7.0.1.tgz"
  "version" "7.0.1"
  dependencies:
    "@ant-design/colors" "^6.0.0"
    "@ant-design/icons-svg" "^4.2.1"

"@antfu/utils@^0.7.10":
  "integrity" "sha512-+562v9k4aI80m1+VuMHehNJWLOFjBnXn3tdOitzD0il5b7smkSBal4+a3oKiQTbrwMmN/TBUMDvbdoWDehgOww=="
  "resolved" "https://registry.npmjs.org/@antfu/utils/-/utils-0.7.10.tgz"
  "version" "0.7.10"

"@babel/parser@^7.15.8", "@babel/parser@^7.24.7":
  "integrity" "sha512-WzfbgXOkGzZiXXCqk43kKwZjzwx4oulxZi3nq2TYL9mOjQv6kYwul9mz6ID36njuL7Xkp6nJEfok848Zj10j/w=="
  "resolved" "https://registry.npmjs.org/@babel/parser/-/parser-7.24.8.tgz"
  "version" "7.24.8"

"@babel/runtime@^7.10.5":
  "integrity" "sha512-5F7SDGs1T72ZczbRwbGO9lQi0NLjQxzl6i4lJxLxfW9U5UluCSyEJeniWvnhl3/euNiqQVbo8zruhsDfid0esA=="
  "resolved" "https://registry.npmjs.org/@babel/runtime/-/runtime-7.24.8.tgz"
  "version" "7.24.8"
  dependencies:
    "regenerator-runtime" "^0.14.0"

"@ctrl/tinycolor@^3.4.0", "@ctrl/tinycolor@^3.5.0":
  "integrity" "sha512-SITSV6aIXsuVNV3f3O0f2n/cgyEDWoSqtZMYiAmcsYHydcKrOz3gUxB/iXd/Qf08+IZX4KpgNbvUdMBmWz+kcA=="
  "resolved" "https://registry.npmjs.org/@ctrl/tinycolor/-/tinycolor-3.6.1.tgz"
  "version" "3.6.1"

"@emotion/hash@^0.9.0":
  "integrity" "sha512-gJB6HLm5rYwSLI6PQa+X1t5CFGrv1J1TWG+sOyMCeKz2ojaj6Fnl/rZEspogG+cvqbt4AE/2eIyD2QfLKTBNlQ=="
  "resolved" "https://registry.npmjs.org/@emotion/hash/-/hash-0.9.1.tgz"
  "version" "0.9.1"

"@emotion/unitless@^0.8.0":
  "integrity" "sha512-KOEGMu6dmJZtpadb476IsZBclKvILjopjUii3V+7MnXIQCYh8W3NgNcgwo21n9LXZX6EDIKvqfjYxXebDwxKmQ=="
  "resolved" "https://registry.npmjs.org/@emotion/unitless/-/unitless-0.8.1.tgz"
  "version" "0.8.1"

"@jridgewell/sourcemap-codec@^1.4.15":
  "integrity" "sha512-gv3ZRaISU3fjPAgNsriBRqGWQL6quFx04YMPW/zD8XMLsU32mhCCbfbO6KZFLjvYpCZ8zyDEgqsgf+PwPaM7GQ=="
  "resolved" "https://registry.npmjs.org/@jridgewell/sourcemap-codec/-/sourcemap-codec-1.5.0.tgz"
  "version" "1.5.0"

"@nodelib/fs.scandir@2.1.5":
  "integrity" "sha512-vq24Bq3ym5HEQm2NKCr3yXDwjc7vTsEThRDnkp2DK9p1uqLR+DHurm/NOTo0KG7HYHU7eppKZj3MyqYuMBf62g=="
  "resolved" "https://registry.npmjs.org/@nodelib/fs.scandir/-/fs.scandir-2.1.5.tgz"
  "version" "2.1.5"
  dependencies:
    "@nodelib/fs.stat" "2.0.5"
    "run-parallel" "^1.1.9"

"@nodelib/fs.stat@^2.0.2", "@nodelib/fs.stat@2.0.5":
  "integrity" "sha512-RkhPPp2zrqDAQA/2jNhnztcPAlv64XdhIp7a7454A5ovI7Bukxgt7MX7udwAu3zg1DcpPU0rz3VV1SeaqvY4+A=="
  "resolved" "https://registry.npmjs.org/@nodelib/fs.stat/-/fs.stat-2.0.5.tgz"
  "version" "2.0.5"

"@nodelib/fs.walk@^1.2.3":
  "integrity" "sha512-oGB+UxlgWcgQkgwo8GcEGwemoTFt3FIO9ababBmaGwXIoBKZ+GTy0pP185beGg7Llih/NSHSV2XAs1lnznocSg=="
  "resolved" "https://registry.npmjs.org/@nodelib/fs.walk/-/fs.walk-1.2.8.tgz"
  "version" "1.2.8"
  dependencies:
    "@nodelib/fs.scandir" "2.1.5"
    "fastq" "^1.6.0"

"@rollup/pluginutils@^5.1.0":
  "integrity" "sha512-XTIWOPPcpvyKI6L1NHo0lFlCyznUEyPmPY1mc3KpPVDYulHSTvyeLNVW00QTLIAFNhR3kYnJTQHeGqU4M3n09g=="
  "resolved" "https://registry.npmjs.org/@rollup/pluginutils/-/pluginutils-5.1.0.tgz"
  "version" "5.1.0"
  dependencies:
    "@types/estree" "^1.0.0"
    "estree-walker" "^2.0.2"
    "picomatch" "^2.3.1"

"@simonwep/pickr@~1.8.0":
  "integrity" "sha512-/l5w8BIkrpP6n1xsetx9MWPWlU6OblN5YgZZphxan0Tq4BByTCETL6lyIeY8lagalS2Nbt4F2W034KHLIiunKA=="
  "resolved" "https://registry.npmjs.org/@simonwep/pickr/-/pickr-1.8.2.tgz"
  "version" "1.8.2"
  dependencies:
    "core-js" "^3.15.1"
    "nanopop" "^2.1.0"

"@types/estree@^1.0.0":
  "integrity" "sha512-/kYRxGDLWzHOB7q+wtSUQlFrtcdUccpfy+X+9iMBpHK8QLLhx2wIPYuS5DYtR9Wa/YlZAbIovy7qVdB1Aq6Lyw=="
  "resolved" "https://registry.npmjs.org/@types/estree/-/estree-1.0.5.tgz"
  "version" "1.0.5"

"@types/node@^17.0.25":
  "integrity" "sha512-wANk6fBrUwdpY4isjWrKTufkrXdu1D2YHCot2fD/DfWxF5sMrVSA+KN7ydckvaTCh0HiqX9IVl0L5/ZoXg5M7w=="
  "resolved" "https://registry.npmjs.org/@types/node/-/node-17.0.25.tgz"
  "version" "17.0.25"

"@vitejs/plugin-vue@^2.3.1":
  "integrity" "sha512-YNzBt8+jt6bSwpt7LP890U1UcTOIZZxfpE5WOJ638PNxSEKOqAi0+FSKS0nVeukfdZ0Ai/H7AFd6k3hayfGZqQ=="
  "resolved" "https://registry.npmjs.org/@vitejs/plugin-vue/-/plugin-vue-2.3.1.tgz"
  "version" "2.3.1"

"@volar/code-gen@0.34.8":
  "integrity" "sha512-BTH6704XbsppOMyAAZzuV8Y9ENe5CzAkkaUBOFJGzYA4M8XOpQGC0A8I31aUc+XGS23DCATgkar8V/HeHEC6JQ=="
  "resolved" "https://registry.npmjs.org/@volar/code-gen/-/code-gen-0.34.8.tgz"
  "version" "0.34.8"
  dependencies:
    "@volar/source-map" "0.34.8"

"@volar/source-map@0.34.8":
  "integrity" "sha512-PPCcf72A4a3DCqTCHf2MM6IVtHswGl5nkdS9VkeFQfau6OHt1byDCgoo9E9O41N90MmUAdAQAdiYbc2MHRWPIg=="
  "resolved" "https://registry.npmjs.org/@volar/source-map/-/source-map-0.34.8.tgz"
  "version" "0.34.8"

"@volar/vue-code-gen@0.34.8":
  "integrity" "sha512-vfRVlC/H24EZ0pNzOUawBJJ1XbZwos2HDhRgONN0R0+aiRtFUWFcFq+yRztWEEhYCLJNaU3+ZlXK5UOKqCf0zQ=="
  "resolved" "https://registry.npmjs.org/@volar/vue-code-gen/-/vue-code-gen-0.34.8.tgz"
  "version" "0.34.8"
  dependencies:
    "@volar/code-gen" "0.34.8"
    "@volar/source-map" "0.34.8"
    "@vue/compiler-core" "^3.2.31"
    "@vue/compiler-dom" "^3.2.31"
    "@vue/shared" "^3.2.31"

"@volar/vue-typescript@0.34.8":
  "integrity" "sha512-TmdqxlnCt0j4cUMxnwJH/CX4Tb/87mCkhxsCeaD44m9U4MC9vMVaev6JOW72Jpu00FmSmPOREX5nYfQbA3ycSw=="
  "resolved" "https://registry.npmjs.org/@volar/vue-typescript/-/vue-typescript-0.34.8.tgz"
  "version" "0.34.8"
  dependencies:
    "@volar/code-gen" "0.34.8"
    "@volar/source-map" "0.34.8"
    "@volar/vue-code-gen" "0.34.8"
    "@vue/compiler-sfc" "^3.2.31"
    "@vue/reactivity" "^3.2.31"

"@vue/compiler-core@^3.2.31", "@vue/compiler-core@3.4.31":
  "integrity" "sha512-skOiodXWTV3DxfDhB4rOf3OGalpITLlgCeOwb+Y9GJpfQ8ErigdBUHomBzvG78JoVE8MJoQsb+qhZiHfKeNeEg=="
  "resolved" "https://registry.npmjs.org/@vue/compiler-core/-/compiler-core-3.4.31.tgz"
  "version" "3.4.31"
  dependencies:
    "@babel/parser" "^7.24.7"
    "@vue/shared" "3.4.31"
    "entities" "^4.5.0"
    "estree-walker" "^2.0.2"
    "source-map-js" "^1.2.0"

"@vue/compiler-dom@^3.2.31", "@vue/compiler-dom@3.4.31":
  "integrity" "sha512-wK424WMXsG1IGMyDGyLqB+TbmEBFM78hIsOJ9QwUVLGrcSk0ak6zYty7Pj8ftm7nEtdU/DGQxAXp0/lM/2cEpQ=="
  "resolved" "https://registry.npmjs.org/@vue/compiler-dom/-/compiler-dom-3.4.31.tgz"
  "version" "3.4.31"
  dependencies:
    "@vue/compiler-core" "3.4.31"
    "@vue/shared" "3.4.31"

"@vue/compiler-sfc@^3.2.31", "@vue/compiler-sfc@3.4.31":
  "integrity" "sha512-einJxqEw8IIJxzmnxmJBuK2usI+lJonl53foq+9etB2HAzlPjAS/wa7r0uUpXw5ByX3/0uswVSrjNb17vJm1kQ=="
  "resolved" "https://registry.npmjs.org/@vue/compiler-sfc/-/compiler-sfc-3.4.31.tgz"
  "version" "3.4.31"
  dependencies:
    "@babel/parser" "^7.24.7"
    "@vue/compiler-core" "3.4.31"
    "@vue/compiler-dom" "3.4.31"
    "@vue/compiler-ssr" "3.4.31"
    "@vue/shared" "3.4.31"
    "estree-walker" "^2.0.2"
    "magic-string" "^0.30.10"
    "postcss" "^8.4.38"
    "source-map-js" "^1.2.0"

"@vue/compiler-ssr@3.4.31":
  "integrity" "sha512-RtefmITAje3fJ8FSg1gwgDhdKhZVntIVbwupdyZDSifZTRMiWxWehAOTCc8/KZDnBOcYQ4/9VWxsTbd3wT0hAA=="
  "resolved" "https://registry.npmjs.org/@vue/compiler-ssr/-/compiler-ssr-3.4.31.tgz"
  "version" "3.4.31"
  dependencies:
    "@vue/compiler-dom" "3.4.31"
    "@vue/shared" "3.4.31"

"@vue/devtools-api@^6.5.0", "@vue/devtools-api@^6.5.1":
  "integrity" "sha512-0MiMsFma/HqA6g3KLKn+AGpL1kgKhFWszC9U29NfpWK5LE7bjeXxySWJrOJ77hBz+TBrBQ7o4QJqbPbqbs8rJw=="
  "resolved" "https://registry.npmjs.org/@vue/devtools-api/-/devtools-api-6.6.3.tgz"
  "version" "6.6.3"

"@vue/reactivity@^3.2.31", "@vue/reactivity@3.4.31":
  "integrity" "sha512-VGkTani8SOoVkZNds1PfJ/T1SlAIOf8E58PGAhIOUDYPC4GAmFA2u/E14TDAFcf3vVDKunc4QqCe/SHr8xC65Q=="
  "resolved" "https://registry.npmjs.org/@vue/reactivity/-/reactivity-3.4.31.tgz"
  "version" "3.4.31"
  dependencies:
    "@vue/shared" "3.4.31"

"@vue/runtime-core@3.4.31":
  "integrity" "sha512-LDkztxeUPazxG/p8c5JDDKPfkCDBkkiNLVNf7XZIUnJ+66GVGkP+TIh34+8LtPisZ+HMWl2zqhIw0xN5MwU1cw=="
  "resolved" "https://registry.npmjs.org/@vue/runtime-core/-/runtime-core-3.4.31.tgz"
  "version" "3.4.31"
  dependencies:
    "@vue/reactivity" "3.4.31"
    "@vue/shared" "3.4.31"

"@vue/runtime-dom@3.4.31":
  "integrity" "sha512-2Auws3mB7+lHhTFCg8E9ZWopA6Q6L455EcU7bzcQ4x6Dn4cCPuqj6S2oBZgN2a8vJRS/LSYYxwFFq2Hlx3Fsaw=="
  "resolved" "https://registry.npmjs.org/@vue/runtime-dom/-/runtime-dom-3.4.31.tgz"
  "version" "3.4.31"
  dependencies:
    "@vue/reactivity" "3.4.31"
    "@vue/runtime-core" "3.4.31"
    "@vue/shared" "3.4.31"
    "csstype" "^3.1.3"

"@vue/server-renderer@3.4.31":
  "integrity" "sha512-D5BLbdvrlR9PE3by9GaUp1gQXlCNadIZytMIb8H2h3FMWJd4oUfkUTEH2wAr3qxoRz25uxbTcbqd3WKlm9EHQA=="
  "resolved" "https://registry.npmjs.org/@vue/server-renderer/-/server-renderer-3.4.31.tgz"
  "version" "3.4.31"
  dependencies:
    "@vue/compiler-ssr" "3.4.31"
    "@vue/shared" "3.4.31"

"@vue/shared@^3.2.31", "@vue/shared@3.4.31":
  "integrity" "sha512-Yp3wtJk//8cO4NItOPpi3QkLExAr/aLBGZMmTtW9WpdwBCJpRM6zj9WgWktXAl8IDIozwNMByT45JP3tO3ACWA=="
  "resolved" "https://registry.npmjs.org/@vue/shared/-/shared-3.4.31.tgz"
  "version" "3.4.31"

"acorn@^8.11.3":
  "integrity" "sha512-tcpGyI9zbizT9JbV6oYE477V6mTlXvvi0T0G3SNIYE2apm/G5huBa1+K89VGeovbg+jycCrfhl3ADxErOuO6Jg=="
  "resolved" "https://registry.npmjs.org/acorn/-/acorn-8.12.1.tgz"
  "version" "8.12.1"

"ant-design-vue@^4.2.3":
  "integrity" "sha512-kqGyWvZtFlSInFP93Ow6wS8LzEsxxUgpI+ZY5jQQkuX8WAcqdwXCA7IcHMpECW6JB89DZMo2Bw85jUg2SjlgQA=="
  "resolved" "https://registry.npmjs.org/ant-design-vue/-/ant-design-vue-4.2.3.tgz"
  "version" "4.2.3"
  dependencies:
    "@ant-design/colors" "^6.0.0"
    "@ant-design/icons-vue" "^7.0.0"
    "@babel/runtime" "^7.10.5"
    "@ctrl/tinycolor" "^3.5.0"
    "@emotion/hash" "^0.9.0"
    "@emotion/unitless" "^0.8.0"
    "@simonwep/pickr" "~1.8.0"
    "array-tree-filter" "^2.1.0"
    "async-validator" "^4.0.0"
    "csstype" "^3.1.1"
    "dayjs" "^1.10.5"
    "dom-align" "^1.12.1"
    "dom-scroll-into-view" "^2.0.0"
    "lodash" "^4.17.21"
    "lodash-es" "^4.17.15"
    "resize-observer-polyfill" "^1.5.1"
    "scroll-into-view-if-needed" "^2.2.25"
    "shallow-equal" "^1.0.0"
    "stylis" "^4.1.3"
    "throttle-debounce" "^5.0.0"
    "vue-types" "^3.0.0"
    "warning" "^4.0.0"

"anymatch@~3.1.2":
  "integrity" "sha512-P43ePfOAIupkguHUycrc4qJ9kz8ZiuOUijaETwX7THt0Y/GNK7v0aa8rY816xWjZ7rJdA5XdMcpVFTKMq+RvWg=="
  "resolved" "https://registry.npmjs.org/anymatch/-/anymatch-3.1.2.tgz"
  "version" "3.1.2"
  dependencies:
    "normalize-path" "^3.0.0"
    "picomatch" "^2.0.4"

"array-tree-filter@^2.1.0":
  "integrity" "sha512-4ROwICNlNw/Hqa9v+rk5h22KjmzB1JGTMVKP2AKJBOCgb0yL0ASf0+YvCcLNNwquOHNX48jkeZIJ3a+oOQqKcw=="
  "resolved" "https://registry.npmjs.org/array-tree-filter/-/array-tree-filter-2.1.0.tgz"
  "version" "2.1.0"

"async-validator@^4.0.0":
  "integrity" "sha512-7HhHjtERjqlNbZtqNqy2rckN/SpOOlmDliet+lP7k+eKZEjPk3DgyeU9lIXLdeLz0uBbbVp+9Qdow9wJWgwwfg=="
  "resolved" "https://registry.npmjs.org/async-validator/-/async-validator-4.2.5.tgz"
  "version" "4.2.5"

"balanced-match@^1.0.0":
  "integrity" "sha512-3oSeUO0TMV67hN1AmbXsK4yaqU7tjiHlbxRDZOpH0KW9+CeX4bRAaX0Anxt0tx2MrpRpWwQaPwIlISEJhYU5Pw=="
  "resolved" "https://registry.npmjs.org/balanced-match/-/balanced-match-1.0.2.tgz"
  "version" "1.0.2"

"binary-extensions@^2.0.0":
  "integrity" "sha512-jDctJ/IVQbZoJykoeHbhXpOlNBqGNcwXJKJog42E5HDPUwQTSdjCHdihjj0DlnheQ7blbT6dHOafNAiS8ooQKA=="
  "resolved" "https://registry.npmjs.org/binary-extensions/-/binary-extensions-2.2.0.tgz"
  "version" "2.2.0"

"brace-expansion@^2.0.1":
  "integrity" "sha512-XnAIvQ8eM+kC6aULx6wuQiwVsnzsi9d3WxzV3FpWTGA19F621kwdbsAcFKXgKUHZWsy+mY6iL1sHTxWEFCytDA=="
  "resolved" "https://registry.npmjs.org/brace-expansion/-/brace-expansion-2.0.1.tgz"
  "version" "2.0.1"
  dependencies:
    "balanced-match" "^1.0.0"

"braces@^3.0.3", "braces@~3.0.2":
  "integrity" "sha512-yQbXgO/OSZVD2IsiLlro+7Hf6Q18EJrKSEsdoMzKePKXct3gvD8oLcOQdIzGupr5Fj+EDe8gO/lxc1BzfMpxvA=="
  "resolved" "https://registry.npmjs.org/braces/-/braces-3.0.3.tgz"
  "version" "3.0.3"
  dependencies:
    "fill-range" "^7.1.1"

"chokidar@^3.6.0", "chokidar@>=3.0.0 <4.0.0":
  "integrity" "sha512-7VT13fmjotKpGipCW9JEQAusEPE+Ei8nl6/g4FBAmIm0GOOLMua9NDDo/DWp0ZAxCr3cPq5ZpBqmPAQgDda2Pw=="
  "resolved" "https://registry.npmjs.org/chokidar/-/chokidar-3.6.0.tgz"
  "version" "3.6.0"
  dependencies:
    "anymatch" "~3.1.2"
    "braces" "~3.0.2"
    "glob-parent" "~5.1.2"
    "is-binary-path" "~2.1.0"
    "is-glob" "~4.0.1"
    "normalize-path" "~3.0.0"
    "readdirp" "~3.6.0"
  optionalDependencies:
    "fsevents" "~2.3.2"

"compute-scroll-into-view@^1.0.20":
  "integrity" "sha512-UCB0ioiyj8CRjtrvaceBLqqhZCVP+1B8+NWQhmdsm0VXOJtobBCf1dBQmebCCo34qZmUwZfIH2MZLqNHazrfjg=="
  "resolved" "https://registry.npmjs.org/compute-scroll-into-view/-/compute-scroll-into-view-1.0.20.tgz"
  "version" "1.0.20"

"confbox@^0.1.7":
  "integrity" "sha512-uJcB/FKZtBMCJpK8MQji6bJHgu1tixKPxRLeGkNzBoOZzpnZUJm0jm2/sBDWcuBx1dYgxV4JU+g5hmNxCyAmdA=="
  "resolved" "https://registry.npmjs.org/confbox/-/confbox-0.1.7.tgz"
  "version" "0.1.7"

"core-js@^3.15.1":
  "integrity" "sha512-Xn6qmxrQZyB0FFY8E3bgRXei3lWDJHhvI+u0q9TKIYM49G8pAr0FgnnrFRAmsbptZL1yxRADVXn+x5AGsbBfyw=="
  "resolved" "https://registry.npmjs.org/core-js/-/core-js-3.37.1.tgz"
  "version" "3.37.1"

"csstype@^3.1.1", "csstype@^3.1.3":
  "integrity" "sha512-M1uQkMl8rQK/szD0LNhtqxIPLpimGm8sOBwU7lLnCpSbTyY3yeU1Vc7l4KT5zT4s/yOxHH5O7tIuuLOCnLADRw=="
  "resolved" "https://registry.npmjs.org/csstype/-/csstype-3.1.3.tgz"
  "version" "3.1.3"

"dayjs@^1.10.5":
  "integrity" "sha512-okzr3f11N6WuqYtZSvm+F776mB41wRZMhKP+hc34YdW+KmtYYK9iqvHSwo2k9FEH3fhGXvOPV6yz2IcSrfRUDg=="
  "resolved" "https://registry.npmjs.org/dayjs/-/dayjs-1.11.11.tgz"
  "version" "1.11.11"

"debug@^4.3.5":
  "integrity" "sha512-pt0bNEmneDIvdL1Xsd9oDQ/wrQRkXDT4AUWlNZNPKvW5x/jyO9VFXkJUP07vQ2upmw5PlaITaPKc31jK13V+jg=="
  "resolved" "https://registry.npmjs.org/debug/-/debug-4.3.5.tgz"
  "version" "4.3.5"
  dependencies:
    "ms" "2.1.2"

"dom-align@^1.12.1":
  "integrity" "sha512-R8LUSEay/68zE5c8/3BDxiTEvgb4xZTF0RKmAHfiEVN3klfIpXfi2/QCoiWPccVQ0J/ZGdz9OjzL4uJEP/MRAw=="
  "resolved" "https://registry.npmjs.org/dom-align/-/dom-align-1.12.4.tgz"
  "version" "1.12.4"

"dom-scroll-into-view@^2.0.0":
  "integrity" "sha512-bvVTQe1lfaUr1oFzZX80ce9KLDlZ3iU+XGNE/bz9HnGdklTieqsbmsLHe+rT2XWqopvL0PckkYqN7ksmm5pe3w=="
  "resolved" "https://registry.npmjs.org/dom-scroll-into-view/-/dom-scroll-into-view-2.0.1.tgz"
  "version" "2.0.1"

"entities@^4.5.0":
  "integrity" "sha512-V0hjH4dGPh9Ao5p0MoRY6BVqtwCjhz6vI5LT8AJ55H+4g9/4vbHx1I54fS0XuclLhDHArPQCiMjDxjaL8fPxhw=="
  "resolved" "https://registry.npmjs.org/entities/-/entities-4.5.0.tgz"
  "version" "4.5.0"

"esbuild-darwin-arm64@0.14.37":
  "integrity" "sha512-eFwy5il5yvIHAVau97kWoNYfxuCd1X7hfgKc4Ns5ymlYXhyRzRywwJfknHax5rDyZxfDXtnFaT/nftUiYwsHIQ=="
  "resolved" "https://registry.npmjs.org/esbuild-darwin-arm64/-/esbuild-darwin-arm64-0.14.37.tgz"
  "version" "0.14.37"

"esbuild@^0.14.27":
  "integrity" "sha512-sPlTpEkjzgFjWjYdve5xM1A3fpKXWNc+0yh0u9tqdER992OEpvde1c/+5rbRFsaSEEjQM9qXRcYn3EvNwgLF9w=="
  "resolved" "https://registry.npmjs.org/esbuild/-/esbuild-0.14.37.tgz"
  "version" "0.14.37"
  optionalDependencies:
    "esbuild-android-64" "0.14.37"
    "esbuild-android-arm64" "0.14.37"
    "esbuild-darwin-64" "0.14.37"
    "esbuild-darwin-arm64" "0.14.37"
    "esbuild-freebsd-64" "0.14.37"
    "esbuild-freebsd-arm64" "0.14.37"
    "esbuild-linux-32" "0.14.37"
    "esbuild-linux-64" "0.14.37"
    "esbuild-linux-arm" "0.14.37"
    "esbuild-linux-arm64" "0.14.37"
    "esbuild-linux-mips64le" "0.14.37"
    "esbuild-linux-ppc64le" "0.14.37"
    "esbuild-linux-riscv64" "0.14.37"
    "esbuild-linux-s390x" "0.14.37"
    "esbuild-netbsd-64" "0.14.37"
    "esbuild-openbsd-64" "0.14.37"
    "esbuild-sunos-64" "0.14.37"
    "esbuild-windows-32" "0.14.37"
    "esbuild-windows-64" "0.14.37"
    "esbuild-windows-arm64" "0.14.37"

"estree-walker@^2.0.2":
  "integrity" "sha512-Rfkk/Mp/DL7JVje3u18FxFujQlTNR2q6QfMSMB7AvCBx91NGj/ba3kCfza0f6dVDbw7YlRf/nDrn7pQrCCyQ/w=="
  "resolved" "https://registry.npmjs.org/estree-walker/-/estree-walker-2.0.2.tgz"
  "version" "2.0.2"

"fast-glob@^3.3.2":
  "integrity" "sha512-oX2ruAFQwf/Orj8m737Y5adxDQO0LAB7/S5MnxCdTNDd4p6BsyIVsv9JQsATbTSq8KHRpLwIHbVlUNatxd+1Ow=="
  "resolved" "https://registry.npmjs.org/fast-glob/-/fast-glob-3.3.2.tgz"
  "version" "3.3.2"
  dependencies:
    "@nodelib/fs.stat" "^2.0.2"
    "@nodelib/fs.walk" "^1.2.3"
    "glob-parent" "^5.1.2"
    "merge2" "^1.3.0"
    "micromatch" "^4.0.4"

"fastq@^1.6.0":
  "integrity" "sha512-sRVD3lWVIXWg6By68ZN7vho9a1pQcN/WBFaAAsDDFzlJjvoGx0P8z7V1t72grFJfJhu3YPZBuu25f7Kaw2jN1w=="
  "resolved" "https://registry.npmjs.org/fastq/-/fastq-1.17.1.tgz"
  "version" "1.17.1"
  dependencies:
    "reusify" "^1.0.4"

"fill-range@^7.1.1":
  "integrity" "sha512-YsGpe3WHLK8ZYi4tWDg2Jy3ebRz2rXowDxnld4bkQB00cc/1Zw9AWnC0i9ztDJitivtQvaI9KaLyKrc+hBW0yg=="
  "resolved" "https://registry.npmjs.org/fill-range/-/fill-range-7.1.1.tgz"
  "version" "7.1.1"
  dependencies:
    "to-regex-range" "^5.0.1"

"fsevents@~2.3.2":
  "integrity" "sha512-xiqMQR4xAeHTuB9uWm+fFRcIOgKBMiOBP+eXiyT7jsgVCq1bkVygt00oASowB7EdtpOHaaPgKt812P9ab+DDKA=="
  "resolved" "https://registry.npmjs.org/fsevents/-/fsevents-2.3.2.tgz"
  "version" "2.3.2"

"function-bind@^1.1.1":
  "integrity" "sha512-yIovAzMX49sF8Yl58fSCWJ5svSLuaibPxXQJFLmBObTuCr0Mf1KiPopGM9NiFjiYBCbfaa2Fh6breQ6ANVTI0A=="
  "resolved" "https://registry.npmjs.org/function-bind/-/function-bind-1.1.1.tgz"
  "version" "1.1.1"

"glob-parent@^5.1.2", "glob-parent@~5.1.2":
  "integrity" "sha512-AOIgSQCepiJYwP3ARnGx+5VnTu2HBYdzbGP45eLw1vr3zB3vZLeyed1sC9hnbcOc9/SrMyM5RPQrkGz4aS9Zow=="
  "resolved" "https://registry.npmjs.org/glob-parent/-/glob-parent-5.1.2.tgz"
  "version" "5.1.2"
  dependencies:
    "is-glob" "^4.0.1"

"has@^1.0.3":
  "integrity" "sha512-f2dvO0VU6Oej7RkWJGrehjbzMAjFp5/VKPp5tTpWIV4JHHZK1/BxbFRtf/siA2SWTe09caDmVtYYzWEIbBS4zw=="
  "resolved" "https://registry.npmjs.org/has/-/has-1.0.3.tgz"
  "version" "1.0.3"
  dependencies:
    "function-bind" "^1.1.1"

"immutable@^4.0.0":
  "integrity" "sha512-zIE9hX70qew5qTUjSS7wi1iwj/l7+m54KWU247nhM3v806UdGj1yDndXj+IOYxxtW9zyLI+xqFNZjTuDaLUqFw=="
  "resolved" "https://registry.npmjs.org/immutable/-/immutable-4.0.0.tgz"
  "version" "4.0.0"

"is-binary-path@~2.1.0":
  "integrity" "sha512-ZMERYes6pDydyuGidse7OsHxtbI7WVeUEozgR/g7rd0xUimYNlvZRE/K2MgZTjWy725IfelLeVcEM97mmtRGXw=="
  "resolved" "https://registry.npmjs.org/is-binary-path/-/is-binary-path-2.1.0.tgz"
  "version" "2.1.0"
  dependencies:
    "binary-extensions" "^2.0.0"

"is-core-module@^2.8.1":
  "integrity" "sha512-+5FPy5PnwmO3lvfMb0AsoPaBG+5KHUI0wYFXOtYPnVVVspTFUuMZNfNaNVRt3FZadstu2c8x23vykRW/NBoU6A=="
  "resolved" "https://registry.npmjs.org/is-core-module/-/is-core-module-2.9.0.tgz"
  "version" "2.9.0"
  dependencies:
    "has" "^1.0.3"

"is-extglob@^2.1.1":
  "integrity" "sha1-qIwCU1eR8C7TfHahueqXc8gz+MI="
  "resolved" "https://registry.npmjs.org/is-extglob/-/is-extglob-2.1.1.tgz"
  "version" "2.1.1"

"is-glob@^4.0.1", "is-glob@~4.0.1":
  "integrity" "sha512-xelSayHH36ZgE7ZWhli7pW34hNbNl8Ojv5KVmkJD4hBdD3th8Tfk9vYasLM+mXWOZhFkgZfxhLSnrwRr4elSSg=="
  "resolved" "https://registry.npmjs.org/is-glob/-/is-glob-4.0.3.tgz"
  "version" "4.0.3"
  dependencies:
    "is-extglob" "^2.1.1"

"is-number@^7.0.0":
  "integrity" "sha512-41Cifkg6e8TylSpdtTpeLVMqvSBEVzTttHvERD741+pnZ8ANv0004MRL43QKPDlK9cGvNp6NZWZUBlbGXYxxng=="
  "resolved" "https://registry.npmjs.org/is-number/-/is-number-7.0.0.tgz"
  "version" "7.0.0"

"is-plain-object@3.0.1":
  "integrity" "sha512-Xnpx182SBMrr/aBik8y+GuR4U1L9FqMSojwDQwPMmxyC6bvEqly9UBCxhauBF5vNh2gwWJNX6oDV7O+OM4z34g=="
  "resolved" "https://registry.npmjs.org/is-plain-object/-/is-plain-object-3.0.1.tgz"
  "version" "3.0.1"

"js-tokens@^3.0.0 || ^4.0.0":
  "integrity" "sha512-RdJUflcE3cUzKiMqQgsCu06FPu9UdIJO0beYbPhHN4k6apgJtifcoCtT9bcxOpYBtpD2kCM6Sbzg4CausW/PKQ=="
  "resolved" "https://registry.npmjs.org/js-tokens/-/js-tokens-4.0.0.tgz"
  "version" "4.0.0"

"local-pkg@^0.5.0":
  "integrity" "sha512-ok6z3qlYyCDS4ZEU27HaU6x/xZa9Whf8jD4ptH5UZTQYZVYeb9bnZ3ojVhiJNLiXK1Hfc0GNbLXcmZ5plLDDBg=="
  "resolved" "https://registry.npmjs.org/local-pkg/-/local-pkg-0.5.0.tgz"
  "version" "0.5.0"
  dependencies:
    "mlly" "^1.4.2"
    "pkg-types" "^1.0.3"

"lodash-es@^4.17.15":
  "integrity" "sha512-mKnC+QJ9pWVzv+C4/U3rRsHapFfHvQFoFB92e52xeyGMcX6/OlIl78je1u8vePzYZSkkogMPJ2yjxxsb89cxyw=="
  "resolved" "https://registry.npmjs.org/lodash-es/-/lodash-es-4.17.21.tgz"
  "version" "4.17.21"

"lodash@^4.17.21":
  "integrity" "sha512-v2kDEe57lecTulaDIuNTPy3Ry4gLGJ6Z1O3vE1krgXZNrsQ+LFTGHVxVjcXPs17LhbZVGedAJv8XZ1tvj5FvSg=="
  "resolved" "https://registry.npmjs.org/lodash/-/lodash-4.17.21.tgz"
  "version" "4.17.21"

"loose-envify@^1.0.0":
  "integrity" "sha512-lyuxPGr/Wfhrlem2CL/UcnUc1zcqKAImBDzukY7Y5F/yQiNdko6+fRLevlw1HgMySw7f611UIY408EtxRSoK3Q=="
  "resolved" "https://registry.npmjs.org/loose-envify/-/loose-envify-1.4.0.tgz"
  "version" "1.4.0"
  dependencies:
    "js-tokens" "^3.0.0 || ^4.0.0"

"magic-string@^0.30.10":
  "integrity" "sha512-iIRwTIf0QKV3UAnYK4PU8uiEc4SRh5jX0mwpIwETPpHdhVM4f53RSwS/vXvN1JhGX+Cs7B8qIq3d6AH49O5fAQ=="
  "resolved" "https://registry.npmjs.org/magic-string/-/magic-string-0.30.10.tgz"
  "version" "0.30.10"
  dependencies:
    "@jridgewell/sourcemap-codec" "^1.4.15"

"merge2@^1.3.0":
  "integrity" "sha512-8q7VEgMJW4J8tcfVPy8g09NcQwZdbwFEqhe/WZkoIzjn/3TGDwtOCYtXGxA3O8tPzpczCCDgv+P2P5y00ZJOOg=="
  "resolved" "https://registry.npmjs.org/merge2/-/merge2-1.4.1.tgz"
  "version" "1.4.1"

"micromatch@^4.0.4":
  "integrity" "sha512-LPP/3KorzCwBxfeUuZmaR6bG2kdeHSbe0P2tY3FLRU4vYrjYz5hI4QZwV0njUx3jeuKe67YukQ1LSPZBKDqO/Q=="
  "resolved" "https://registry.npmjs.org/micromatch/-/micromatch-4.0.7.tgz"
  "version" "4.0.7"
  dependencies:
    "braces" "^3.0.3"
    "picomatch" "^2.3.1"

"minimatch@^9.0.5":
  "integrity" "sha512-G6T0ZX48xgozx7587koeX9Ys2NYy6Gmv//P89sEte9V9whIapMNF4idKxnW2QtCcLiTWlb/wfCabAtAFWhhBow=="
  "resolved" "https://registry.npmjs.org/minimatch/-/minimatch-9.0.5.tgz"
  "version" "9.0.5"
  dependencies:
    "brace-expansion" "^2.0.1"

"mlly@^1.4.2", "mlly@^1.7.1":
  "integrity" "sha512-rrVRZRELyQzrIUAVMHxP97kv+G786pHmOKzuFII8zDYahFBS7qnHh2AlYSl1GAHhaMPCz6/oHjVMcfFYgFYHgA=="
  "resolved" "https://registry.npmjs.org/mlly/-/mlly-1.7.1.tgz"
  "version" "1.7.1"
  dependencies:
    "acorn" "^8.11.3"
    "pathe" "^1.1.2"
    "pkg-types" "^1.1.1"
    "ufo" "^1.5.3"

"ms@2.1.2":
  "integrity" "sha512-sGkPx+VjMtmA6MX27oA4FBFELFCZZ4S4XqeGOXCv68tT+jb3vk/RyaKWP0PTKyWtmLSM0b+adUTEvbs1PEaH2w=="
  "resolved" "https://registry.npmjs.org/ms/-/ms-2.1.2.tgz"
  "version" "2.1.2"

"nanoid@^3.3.7":
  "integrity" "sha512-eSRppjcPIatRIMC1U6UngP8XFcz8MQWGQdt1MTBQ7NaAmvXDfvNxbvWV3x2y6CdEUciCSsDHDQZbhYaB8QEo2g=="
  "resolved" "https://registry.npmjs.org/nanoid/-/nanoid-3.3.7.tgz"
  "version" "3.3.7"

"nanopop@^2.1.0":
  "integrity" "sha512-NzOgmMQ+elxxHeIha+OG/Pv3Oc3p4RU2aBhwWwAqDpXrdTbtRylbRLQztLy8dMMwfl6pclznBdfUhccEn9ZIzw=="
  "resolved" "https://registry.npmjs.org/nanopop/-/nanopop-2.4.2.tgz"
  "version" "2.4.2"

"normalize-path@^3.0.0", "normalize-path@~3.0.0":
  "integrity" "sha512-6eZs5Ls3WtCisHWp9S2GUy8dqkpGi4BVSz3GaqiE6ezub0512ESztXUwUB6C6IKbQkY2Pnb/mD4WYojCRwcwLA=="
  "resolved" "https://registry.npmjs.org/normalize-path/-/normalize-path-3.0.0.tgz"
  "version" "3.0.0"

"path-parse@^1.0.7":
  "integrity" "sha512-LDJzPVEEEPR+y48z93A0Ed0yXb8pAByGWo/k5YYdYgpY2/2EsOsksJrq7lOHxryrVOn1ejG6oAp8ahvOIQD8sw=="
  "resolved" "https://registry.npmjs.org/path-parse/-/path-parse-1.0.7.tgz"
  "version" "1.0.7"

"pathe@^0.2.0":
  "integrity" "sha512-sTitTPYnn23esFR3RlqYBWn4c45WGeLcsKzQiUpXJAyfcWkolvlYpV8FLo7JishK946oQwMFUCHXQ9AjGPKExw=="
  "resolved" "https://registry.npmjs.org/pathe/-/pathe-0.2.0.tgz"
  "version" "0.2.0"

"pathe@^1.1.2":
  "integrity" "sha512-whLdWMYL2TwI08hn8/ZqAbrVemu0LNaNNJZX73O6qaIdCTfXutsLhMkjdENX0qhsQ9uIimo4/aQOmXkoon2nDQ=="
  "resolved" "https://registry.npmjs.org/pathe/-/pathe-1.1.2.tgz"
  "version" "1.1.2"

"picocolors@^1.0.1":
  "integrity" "sha512-anP1Z8qwhkbmu7MFP5iTt+wQKXgwzf7zTyGlcdzabySa9vd0Xt392U0rVmz9poOaBj0uHJKyyo9/upk0HrEQew=="
  "resolved" "https://registry.npmjs.org/picocolors/-/picocolors-1.0.1.tgz"
  "version" "1.0.1"

"picomatch@^2.0.4", "picomatch@^2.2.1", "picomatch@^2.3.1":
  "integrity" "sha512-JU3teHTNjmE2VCGFzuY8EXzCDVwEqB2a8fsIvwaStHhAWJEeVd1o1QD80CU6+ZdEXXSLbSsuLwJjkCBWqRQUVA=="
  "resolved" "https://registry.npmjs.org/picomatch/-/picomatch-2.3.1.tgz"
  "version" "2.3.1"

"pinia@^2.1.7":
  "integrity" "sha512-+C2AHFtcFqjPih0zpYuvof37SFxMQ7OEG2zV9jRI12i9BOy3YQVAHwdKtyyc8pDcDyIc33WCIsZaCFWU7WWxGQ=="
  "resolved" "https://registry.npmjs.org/pinia/-/pinia-2.1.7.tgz"
  "version" "2.1.7"
  dependencies:
    "@vue/devtools-api" "^6.5.0"
    "vue-demi" ">=0.14.5"

"pkg-types@^1.0.3", "pkg-types@^1.1.1":
  "integrity" "sha512-+JrgthZG6m3ckicaOB74TwQ+tBWsFl3qVQg7mN8ulwSOElJ7gBhKzj2VkCPnZ4NlF6kEquYU+RIYNVAvzd54UA=="
  "resolved" "https://registry.npmjs.org/pkg-types/-/pkg-types-1.1.3.tgz"
  "version" "1.1.3"
  dependencies:
    "confbox" "^0.1.7"
    "mlly" "^1.7.1"
    "pathe" "^1.1.2"

"postcss@^8.4.12", "postcss@^8.4.38":
  "integrity" "sha512-0vzE+lAiG7hZl1/9I8yzKLx3aR9Xbof3fBHKunvMfOCYAtMhrsnccJY2iTURb9EZd5+pLuiNV9/c/GZJOHsgIw=="
  "resolved" "https://registry.npmjs.org/postcss/-/postcss-8.4.39.tgz"
  "version" "8.4.39"
  dependencies:
    "nanoid" "^3.3.7"
    "picocolors" "^1.0.1"
    "source-map-js" "^1.2.0"

"queue-microtask@^1.2.2":
  "integrity" "sha512-NuaNSa6flKT5JaSYQzJok04JzTL1CA6aGhv5rfLW3PgqA+M2ChpZQnAC8h8i4ZFkBS8X5RqkDBHA7r4hej3K9A=="
  "resolved" "https://registry.npmjs.org/queue-microtask/-/queue-microtask-1.2.3.tgz"
  "version" "1.2.3"

"readdirp@~3.6.0":
  "integrity" "sha512-hOS089on8RduqdbhvQ5Z37A0ESjsqz6qnRcffsMU3495FuTdqSm+7bhJ29JvIOsBDEEnan5DPu9t3To9VRlMzA=="
  "resolved" "https://registry.npmjs.org/readdirp/-/readdirp-3.6.0.tgz"
  "version" "3.6.0"
  dependencies:
    "picomatch" "^2.2.1"

"regenerator-runtime@^0.14.0":
  "integrity" "sha512-dYnhHh0nJoMfnkZs6GmmhFknAGRrLznOu5nc9ML+EJxGvrx6H7teuevqVqCuPcPK//3eDrrjQhehXVx9cnkGdw=="
  "resolved" "https://registry.npmjs.org/regenerator-runtime/-/regenerator-runtime-0.14.1.tgz"
  "version" "0.14.1"

"resize-observer-polyfill@^1.5.1":
  "integrity" "sha512-LwZrotdHOo12nQuZlHEmtuXdqGoOD0OhaxopaNFxWzInpEgaLWoVuAMbTzixuosCx2nEG58ngzW3vxdWoxIgdg=="
  "resolved" "https://registry.npmjs.org/resize-observer-polyfill/-/resize-observer-polyfill-1.5.1.tgz"
  "version" "1.5.1"

"resolve@^1.22.0":
  "integrity" "sha512-Hhtrw0nLeSrFQ7phPp4OOcVjLPIeMnRlr5mcnVuMe7M/7eBn98A3hmFRLoFo3DLZkivSYwhRUJTyPyWAk56WLw=="
  "resolved" "https://registry.npmjs.org/resolve/-/resolve-1.22.0.tgz"
  "version" "1.22.0"
  dependencies:
    "is-core-module" "^2.8.1"
    "path-parse" "^1.0.7"
    "supports-preserve-symlinks-flag" "^1.0.0"

"reusify@^1.0.4":
  "integrity" "sha512-U9nH88a3fc/ekCF1l0/UP1IosiuIjyTh7hBvXVMHYgVcfGvt897Xguj2UOLDeI5BG2m7/uwyaLVT6fbtCwTyzw=="
  "resolved" "https://registry.npmjs.org/reusify/-/reusify-1.0.4.tgz"
  "version" "1.0.4"

"rollup@^1.20.0||^2.0.0||^3.0.0||^4.0.0", "rollup@^2.59.0":
  "integrity" "sha512-EitogNZnfku65I1DD5Mxe8JYRUCy0hkK5X84IlDtUs+O6JRMpRciXTzyCUuX11b5L5pvjH+OmFXiQ3XjabcXgg=="
  "resolved" "https://registry.npmjs.org/rollup/-/rollup-2.70.2.tgz"
  "version" "2.70.2"
  optionalDependencies:
    "fsevents" "~2.3.2"

"run-parallel@^1.1.9":
  "integrity" "sha512-5l4VyZR86LZ/lDxZTR6jqL8AFE2S0IFLMP26AbjsLVADxHdhB/c0GUsH+y39UfCi3dzz8OlQuPmnaJOMoDHQBA=="
  "resolved" "https://registry.npmjs.org/run-parallel/-/run-parallel-1.2.0.tgz"
  "version" "1.2.0"
  dependencies:
    "queue-microtask" "^1.2.2"

"sass@*", "sass@^1.50.1":
  "integrity" "sha512-noTnY41KnlW2A9P8sdwESpDmo+KBNkukI1i8+hOK3footBUcohNHtdOJbckp46XO95nuvcHDDZ+4tmOnpK3hjw=="
  "resolved" "https://registry.npmjs.org/sass/-/sass-1.50.1.tgz"
  "version" "1.50.1"
  dependencies:
    "chokidar" ">=3.0.0 <4.0.0"
    "immutable" "^4.0.0"
    "source-map-js" ">=0.6.2 <2.0.0"

"scroll-into-view-if-needed@^2.2.25":
  "integrity" "sha512-dGCXy99wZQivjmjIqihaBQNjryrz5rueJY7eHfTdyWEiR4ttYpsajb14rn9s5d4DY4EcY6+4+U/maARBXJedkA=="
  "resolved" "https://registry.npmjs.org/scroll-into-view-if-needed/-/scroll-into-view-if-needed-2.2.31.tgz"
  "version" "2.2.31"
  dependencies:
    "compute-scroll-into-view" "^1.0.20"

"shallow-equal@^1.0.0":
  "integrity" "sha512-S4vJDjHHMBaiZuT9NPb616CSmLf618jawtv3sufLl6ivK8WocjAo58cXwbRV1cgqxH0Qbv+iUt6m05eqEa2IRA=="
  "resolved" "https://registry.npmjs.org/shallow-equal/-/shallow-equal-1.2.1.tgz"
  "version" "1.2.1"

"source-map-js@^1.2.0", "source-map-js@>=0.6.2 <2.0.0":
  "integrity" "sha512-itJW8lvSA0TXEphiRoawsCksnlf8SyvmFzIhltqAHluXd88pkCd+cXJVHTDwdCr0IzwptSm035IHQktUu1QUMg=="
  "resolved" "https://registry.npmjs.org/source-map-js/-/source-map-js-1.2.0.tgz"
  "version" "1.2.0"

"stylis@^4.1.3":
  "integrity" "sha512-bhtUjWd/z6ltJiQwg0dUfxEJ+W+jdqQd8TbWLWyeIJHlnsqmGLRFFd8e5mA0AZi/zx90smXRlN66YMTcaSFifg=="
  "resolved" "https://registry.npmjs.org/stylis/-/stylis-4.3.2.tgz"
  "version" "4.3.2"

"supports-preserve-symlinks-flag@^1.0.0":
  "integrity" "sha512-ot0WnXS9fgdkgIcePe6RHNk1WA8+muPa6cSjeR3V8K27q9BB1rTE3R1p7Hv0z1ZyAc8s6Vvv8DIyWf681MAt0w=="
  "resolved" "https://registry.npmjs.org/supports-preserve-symlinks-flag/-/supports-preserve-symlinks-flag-1.0.0.tgz"
  "version" "1.0.0"

"throttle-debounce@^5.0.0":
  "integrity" "sha512-B71/4oyj61iNH0KeCamLuE2rmKuTO5byTOSVwECM5FA7TiAiAW+UqTKZ9ERueC4qvgSttUhdmq1mXC3kJqGX7A=="
  "resolved" "https://registry.npmjs.org/throttle-debounce/-/throttle-debounce-5.0.2.tgz"
  "version" "5.0.2"

"to-regex-range@^5.0.1":
  "integrity" "sha512-65P7iz6X5yEr1cwcgvQxbbIw7Uk3gOy5dIdtZ4rDveLqhrdJP+Li/Hx6tyK0NEb+2GCyneCMJiGqrADCSNk8sQ=="
  "resolved" "https://registry.npmjs.org/to-regex-range/-/to-regex-range-5.0.1.tgz"
  "version" "5.0.1"
  dependencies:
    "is-number" "^7.0.0"

"typescript@*", "typescript@^4.5.4", "typescript@>=4.4.4":
  "integrity" "sha512-yNIatDa5iaofVozS/uQJEl3JRWLKKGJKh6Yaiv0GLGSuhpFJe7P3SbHZ8/yjAHRQwKRoA6YZqlfjXWmVzoVSMw=="
  "resolved" "https://registry.npmjs.org/typescript/-/typescript-4.6.3.tgz"
  "version" "4.6.3"

"ufo@^1.5.3":
  "integrity" "sha512-Y7HYmWaFwPUmkoQCUIAYpKqkOf+SbVj/2fJJZ4RJMCfZp0rTGwRbzQD+HghfnhKOjL9E01okqz+ncJskGYfBNw=="
  "resolved" "https://registry.npmjs.org/ufo/-/ufo-1.5.3.tgz"
  "version" "1.5.3"

"unplugin-vue-components@^0.27.2":
  "integrity" "sha512-YifnsmslMRNt+JRQiCG4ZX1+xUQuubUZm76K7Qtg8dmchZJkHIDxZSyfZb5/jqrLWMTm/TUjGJ3ZDlzO6SFnSQ=="
  "resolved" "https://registry.npmjs.org/unplugin-vue-components/-/unplugin-vue-components-0.27.2.tgz"
  "version" "0.27.2"
  dependencies:
    "@antfu/utils" "^0.7.10"
    "@rollup/pluginutils" "^5.1.0"
    "chokidar" "^3.6.0"
    "debug" "^4.3.5"
    "fast-glob" "^3.3.2"
    "local-pkg" "^0.5.0"
    "magic-string" "^0.30.10"
    "minimatch" "^9.0.5"
    "mlly" "^1.7.1"
    "unplugin" "^1.10.1"

"unplugin@^1.10.1":
  "integrity" "sha512-3r7VWZ/webh0SGgJScpWl2/MRCZK5d3ZYFcNaeci/GQ7Teop7zf0Nl2pUuz7G21BwPd9pcUPOC5KmJ2L3WgC5g=="
  "resolved" "https://registry.npmjs.org/unplugin/-/unplugin-1.11.0.tgz"
  "version" "1.11.0"
  dependencies:
    "acorn" "^8.11.3"
    "chokidar" "^3.6.0"
    "webpack-sources" "^3.2.3"
    "webpack-virtual-modules" "^0.6.1"

"vite@^2.5.10", "vite@^2.9.5":
  "integrity" "sha512-dvMN64X2YEQgSXF1lYabKXw3BbN6e+BL67+P3Vy4MacnY+UzT1AfkHiioFSi9+uiDUiaDy7Ax/LQqivk6orilg=="
  "resolved" "https://registry.npmjs.org/vite/-/vite-2.9.5.tgz"
  "version" "2.9.5"
  dependencies:
    "esbuild" "^0.14.27"
    "postcss" "^8.4.12"
    "resolve" "^1.22.0"
    "rollup" "^2.59.0"
  optionalDependencies:
    "fsevents" "~2.3.2"

"vue-demi@>=0.14.5":
  "integrity" "sha512-Uuqnk9YE9SsWeReYqK2alDI5YzciATE0r2SkA6iMAtuXvNTMNACJLJEXNXaEy94ECuBe4Sk6RzRU80kjdbIo1Q=="
  "resolved" "https://registry.npmjs.org/vue-demi/-/vue-demi-0.14.8.tgz"
  "version" "0.14.8"

"vue-router@^4.4.0":
  "integrity" "sha512-HB+t2p611aIZraV2aPSRNXf0Z/oLZFrlygJm+sZbdJaW6lcFqEDQwnzUBXn+DApw+/QzDU/I9TeWx9izEjTmsA=="
  "resolved" "https://registry.npmjs.org/vue-router/-/vue-router-4.4.0.tgz"
  "version" "4.4.0"
  dependencies:
    "@vue/devtools-api" "^6.5.1"

"vue-tsc@^0.34.7":
  "integrity" "sha512-RvuFwiuj2lfSnTGHhLy6xLspNA7VOU3low+Ckvbl3utw6A6ELmXDUuuo8VAzNm7HuJe3M64lAxxWdOOG3vqMVw=="
  "resolved" "https://registry.npmjs.org/vue-tsc/-/vue-tsc-0.34.8.tgz"
  "version" "0.34.8"
  dependencies:
    "@volar/vue-typescript" "0.34.8"

"vue-types@^3.0.0":
  "integrity" "sha512-IwUC0Aq2zwaXqy74h4WCvFCUtoV0iSWr0snWnE9TnU18S66GAQyqQbRf2qfJtUuiFsBf6qp0MEwdonlwznlcrw=="
  "resolved" "https://registry.npmjs.org/vue-types/-/vue-types-3.0.2.tgz"
  "version" "3.0.2"
  dependencies:
    "is-plain-object" "3.0.1"

"vue@^2.6.14 || ^3.3.0", "vue@^3.0.0", "vue@^3.0.0-0 || ^2.6.0", "vue@^3.2.0", "vue@^3.2.25", "vue@>=3.0.3", "vue@>=3.2.0", "vue@2 || 3", "vue@3.4.31":
  "integrity" "sha512-njqRrOy7W3YLAlVqSKpBebtZpDVg21FPoaq1I7f/+qqBThK9ChAIjkRWgeP6Eat+8C+iia4P3OYqpATP21BCoQ=="
  "resolved" "https://registry.npmjs.org/vue/-/vue-3.4.31.tgz"
  "version" "3.4.31"
  dependencies:
    "@vue/compiler-dom" "3.4.31"
    "@vue/compiler-sfc" "3.4.31"
    "@vue/runtime-dom" "3.4.31"
    "@vue/server-renderer" "3.4.31"
    "@vue/shared" "3.4.31"

"warning@^4.0.0":
  "integrity" "sha512-rpJyN222KWIvHJ/F53XSZv0Zl/accqHR8et1kpaMTD/fLCRxtV8iX8czMzY7sVZupTI3zcUTg8eycS2kNF9l6w=="
  "resolved" "https://registry.npmjs.org/warning/-/warning-4.0.3.tgz"
  "version" "4.0.3"
  dependencies:
    "loose-envify" "^1.0.0"

"webpack-sources@^3.2.3":
  "integrity" "sha512-/DyMEOrDgLKKIG0fmvtz+4dUX/3Ghozwgm6iPp8KRhvn+eQf9+Q7GWxVNMk3+uCPWfdXYC4ExGBckIXdFEfH1w=="
  "resolved" "https://registry.npmjs.org/webpack-sources/-/webpack-sources-3.2.3.tgz"
  "version" "3.2.3"

"webpack-virtual-modules@^0.6.1":
  "integrity" "sha512-66/V2i5hQanC51vBQKPH4aI8NMAcBW59FVBs+rC7eGHupMyfn34q7rZIE+ETlJ+XTevqfUhVVBgSUNSW2flEUQ=="
  "resolved" "https://registry.npmjs.org/webpack-virtual-modules/-/webpack-virtual-modules-0.6.2.tgz"
  "version" "0.6.2"
